{
  "projects": [
    {
      "projectId": "seaQhLVS4bbjiGvJJrRwyL",
      "version": "15.0.3",
      "dependencies": {},
      "lang": "ts",
      "fileLocks": [
        {
          "assetId": "seaQhLVS4bbjiGvJJrRwyL",
          "type": "projectCss",
          "checksum": "96d0c5256c70ddefc2366d3580ce9213"
        }
      ],
      "codegenVersion": "0.0.1"
    },
    {
      "projectId": "kzQ2m2Ed57Mp6kaUKkBwef",
      "version": "latest",
      "dependencies": {
        "seaQhLVS4bbjiGvJJrRwyL": "15.0.3"
      },
      "lang": "ts",
      "fileLocks": [
        {
          "type": "globalVariant",
          "assetId": "p7phKcXg1dklD1",
          "checksum": "d8335d7361f4445889de8acadbcead86"
        },
        {
          "assetId": "kzQ2m2Ed57Mp6kaUKkBwef",
          "type": "projectCss",
          "checksum": "20b650c0c99ffc06dfe5d8dd4103595e"
        },
        {
          "type": "renderModule",
          "assetId": "l9cjixOORjOZM",
          "checksum": "e1d1bd47186c19673e12cd437b5e36d4"
        },
        {
          "type": "cssRules",
          "assetId": "l9cjixOORjOZM",
          "checksum": "e1d1bd47186c19673e12cd437b5e36d4"
        },
        {
          "type": "renderModule",
          "assetId": "D3zV_9ImvrSN0",
          "checksum": "25f15034c2926a75d8f49681dc0c7b84"
        },
        {
          "type": "cssRules",
          "assetId": "D3zV_9ImvrSN0",
          "checksum": "25f15034c2926a75d8f49681dc0c7b84"
        },
        {
          "type": "renderModule",
          "assetId": "Er8zUyfMaH0uh",
          "checksum": "cdb6ad9c67a85a71768dc859fce97715"
        },
        {
          "type": "cssRules",
          "assetId": "Er8zUyfMaH0uh",
          "checksum": "cdb6ad9c67a85a71768dc859fce97715"
        },
        {
          "type": "renderModule",
          "assetId": "v-4O5BzXaGFlI",
          "checksum": "a909c9e167b972cddf4708ff8532a189"
        },
        {
          "type": "cssRules",
          "assetId": "v-4O5BzXaGFlI",
          "checksum": "a909c9e167b972cddf4708ff8532a189"
        },
        {
          "type": "renderModule",
          "assetId": "bpzIAK0OWVRFk",
          "checksum": "68aade46cdfd120334754c3934f0bddc"
        },
        {
          "type": "cssRules",
          "assetId": "bpzIAK0OWVRFk",
          "checksum": "68aade46cdfd120334754c3934f0bddc"
        },
        {
          "type": "renderModule",
          "assetId": "Hki_-G2qfQC92",
          "checksum": "0fe288c09937b849e48fa1a2a8f1cccc"
        },
        {
          "type": "cssRules",
          "assetId": "Hki_-G2qfQC92",
          "checksum": "0fe288c09937b849e48fa1a2a8f1cccc"
        },
        {
          "type": "renderModule",
          "assetId": "HqctDWRb9BAfh",
          "checksum": "4955893de50ac9dfdbea9c331ebe6742"
        },
        {
          "type": "cssRules",
          "assetId": "HqctDWRb9BAfh",
          "checksum": "4955893de50ac9dfdbea9c331ebe6742"
        },
        {
          "type": "renderModule",
          "assetId": "j9VD6sORpJRI_i",
          "checksum": "22390b7a0f0cf2b01f2c37db5390b087"
        },
        {
          "type": "cssRules",
          "assetId": "j9VD6sORpJRI_i",
          "checksum": "22390b7a0f0cf2b01f2c37db5390b087"
        },
        {
          "type": "renderModule",
          "assetId": "q2RSkEpd9Gmg56",
          "checksum": "41954db124622a5e8649f559a89a9ff9"
        },
        {
          "type": "cssRules",
          "assetId": "q2RSkEpd9Gmg56",
          "checksum": "41954db124622a5e8649f559a89a9ff9"
        },
        {
          "type": "renderModule",
          "assetId": "u4in_MQXZhL3u2",
          "checksum": "33574cb683edeaa178afe8581ef3efcf"
        },
        {
          "type": "cssRules",
          "assetId": "u4in_MQXZhL3u2",
          "checksum": "33574cb683edeaa178afe8581ef3efcf"
        },
        {
          "type": "renderModule",
          "assetId": "jkZuczWpgqtSqS",
          "checksum": "599ef5730d0b79a120d6d2572214c00d"
        },
        {
          "type": "cssRules",
          "assetId": "jkZuczWpgqtSqS",
          "checksum": "599ef5730d0b79a120d6d2572214c00d"
        },
        {
          "type": "renderModule",
          "assetId": "Nfw7f6aDA6Viz_",
          "checksum": "2a3e376bef61cb814f69bc530e7d1a7c"
        },
        {
          "type": "cssRules",
          "assetId": "Nfw7f6aDA6Viz_",
          "checksum": "2a3e376bef61cb814f69bc530e7d1a7c"
        },
        {
          "type": "icon",
          "assetId": "shTd8u-PJ4mixA",
          "checksum": "7e14f3b4405c770691209d61aa99082e"
        },
        {
          "type": "icon",
          "assetId": "tAiNq0yGZN6LFd",
          "checksum": "b40858bff52e3c28ece6e0e7c41c807d"
        },
        {
          "type": "icon",
          "assetId": "2jBIDTUr85JWR6",
          "checksum": "5fcd075958aa7c7f9c5b5ecf5003c696"
        },
        {
          "type": "icon",
          "assetId": "za_Yay8wxqbpUs",
          "checksum": "4ec4947aad951edbce2a4d2b9110203c"
        },
        {
          "type": "icon",
          "assetId": "ir03j4v3tJRGmu",
          "checksum": "09b88d32615beb59f9e75dcf64b4708b"
        },
        {
          "type": "icon",
          "assetId": "wf8VQcnOLDQlE_",
          "checksum": "a8ad37665de905a1fd75fd4d8f99c20f"
        },
        {
          "type": "icon",
          "assetId": "xEVUpHIud-KkNz",
          "checksum": "b3a97f486b336c37b89fad3574fe5c1d"
        },
        {
          "type": "icon",
          "assetId": "CXRj4toRFWH1qO",
          "checksum": "65946ff82c95783357857dcfcf1b1a8d"
        },
        {
          "type": "icon",
          "assetId": "voPqQBP-DXO7kg",
          "checksum": "0e54906a8b3ef90f882dddb5f448a629"
        },
        {
          "type": "icon",
          "assetId": "584IlGyveQ5geX",
          "checksum": "c93c357301e938a7bf3858a4f6004708"
        },
        {
          "type": "icon",
          "assetId": "T7ZRH8veo_16cT",
          "checksum": "991c0ab35cf50f29a8fe0744a74b8102"
        },
        {
          "type": "icon",
          "assetId": "4Y_bt36LlwHkRT",
          "checksum": "67ddb300cbbb51bba8072c591755af79"
        },
        {
          "type": "icon",
          "assetId": "IcyPRJEB5VFMix",
          "checksum": "695611c0949f01361f025bc39dc8755f"
        },
        {
          "type": "icon",
          "assetId": "Z_E3jN7oxk_gNN",
          "checksum": "88b71bf39a3dbcc0136a242da1d4f870"
        },
        {
          "type": "icon",
          "assetId": "XtJ9mrLRVBDFbk",
          "checksum": "6027dd333c56f059193c6703b168c583"
        },
        {
          "type": "icon",
          "assetId": "0Zjjw5ucElkhEU",
          "checksum": "2c5a791b7c4cafce56bfbc3f6575870f"
        },
        {
          "type": "icon",
          "assetId": "9WsInuJEPAx2ir",
          "checksum": "e4711f3d2172a111f8bc68326b9406f5"
        },
        {
          "type": "icon",
          "assetId": "Jl9dro6J2daDPj",
          "checksum": "0beb795c66105a4762d4e3edbfbdfc2d"
        },
        {
          "type": "icon",
          "assetId": "Yrk92xMAHbGqjd",
          "checksum": "375e4f4642de34ed2f517785d25ad229"
        },
        {
          "type": "icon",
          "assetId": "cnLgBjsWA4yReE",
          "checksum": "c35764cd15e1c07cfbc046cba28945b1"
        },
        {
          "type": "icon",
          "assetId": "M6dVYzFWgMCrZ5",
          "checksum": "314c67bae2ee88ece69030716fc65d55"
        },
        {
          "type": "icon",
          "assetId": "l59A-sfN86fI8q",
          "checksum": "63fa34c51b89b1be434fb79ba9c6c0e4"
        },
        {
          "type": "icon",
          "assetId": "XJnBtAsVExuPIN",
          "checksum": "fcb0aae42b92cd36e0753774bd8ea3fa"
        },
        {
          "type": "icon",
          "assetId": "rVNzVA_4S4OAij",
          "checksum": "36ca193c764c63717a96cc0fde2eab1f"
        },
        {
          "type": "image",
          "assetId": "7hZgLlUXRWATo1",
          "checksum": "6a745f21d34c122accb38c6470523639"
        },
        {
          "type": "image",
          "assetId": "CrRTUV0MSoYxrS",
          "checksum": "f1a6a7d636ec97e8cf6955dbf96cb3eb"
        },
        {
          "type": "image",
          "assetId": "70Pa6N1crU4ESk",
          "checksum": "edf210bf568c28fdf73ac47d3f8ac106"
        },
        {
          "type": "image",
          "assetId": "5haAEaeXC3HKWH",
          "checksum": "6597d47da0cf7c68dfba8e4da63eddd7"
        },
        {
          "type": "image",
          "assetId": "a1_AmdTKYZRQI4",
          "checksum": "43aa747cb79268bf7362a4e14cd80702"
        },
        {
          "type": "image",
          "assetId": "loGwmEFwbKaYBX",
          "checksum": "9803f19e3993a00c943637b6ff1a8384"
        },
        {
          "type": "image",
          "assetId": "EQAeQ8OQKAZIft",
          "checksum": "2f764b01ef91ffe74a703de707d6c98e"
        },
        {
          "type": "image",
          "assetId": "wfOjgkm8HjilYW",
          "checksum": "6fbd1188c2053fc4b3dc7b0f9321fbf1"
        },
        {
          "type": "image",
          "assetId": "GRDRocOcbEL1AY",
          "checksum": "7aeddd7af30ad30b928cf59a35b156ab"
        },
        {
          "type": "image",
          "assetId": "m5lk8oQrcfUmyx",
          "checksum": "ce4e524596d05ac04ff71bb75129d72e"
        },
        {
          "type": "image",
          "assetId": "3saWf2svhUpMXw",
          "checksum": "9add31bbd25ca5d7beb2bae2c738477d"
        },
        {
          "type": "image",
          "assetId": "6EGqb8uk7TQVhz",
          "checksum": "b9cd5612093b4e9e6844774886c99ae9"
        },
        {
          "type": "image",
          "assetId": "UuXqoCIkCO1RN0",
          "checksum": "fe1ae0114727d49424307be1c1a98ac4"
        },
        {
          "type": "image",
          "assetId": "U1_iOXz5mf2Q_l",
          "checksum": "f648333b7fa53a28e16378d0742d1761"
        },
        {
          "type": "image",
          "assetId": "4qUCL2GFJb7BY1",
          "checksum": "d38e2607c38c32a9f7552b2a7dd53c5c"
        },
        {
          "type": "image",
          "assetId": "M5GcRDOt15bZp_",
          "checksum": "4839e36f4927897238974cb803119ee8"
        },
        {
          "type": "image",
          "assetId": "d7Cil4BMXycP_P",
          "checksum": "6447d46695206c55da2e8ff1dbeb0f36"
        },
        {
          "type": "image",
          "assetId": "sZLXJMGCcFp35d",
          "checksum": "469acf56274957abd42f9f3b869f65bd"
        },
        {
          "type": "image",
          "assetId": "AhGY1RsJu3l-6i",
          "checksum": "41d341a19cf4bcf43780ede5360b9d22"
        },
        {
          "type": "image",
          "assetId": "xz0Nel5JmnEcM0",
          "checksum": "09d9a14e607e899e2a2026f2a5c9d5a0"
        },
        {
          "type": "image",
          "assetId": "0rXBuEUrqs6wFd",
          "checksum": "923942ce07785e07b73a68da3b4f18ab"
        },
        {
          "type": "image",
          "assetId": "GZOSvyT2YcH8Zn",
          "checksum": "48233bbb7ed28f433b632e1394206c82"
        },
        {
          "type": "image",
          "assetId": "Xh2XRbMhL6gj16",
          "checksum": "3c480e90be43dbd386592eb4f907e203"
        },
        {
          "type": "image",
          "assetId": "SA40pFB1HwAN4W",
          "checksum": "a2371b1c8a1844babcd5d488d4a2dcb6"
        },
        {
          "type": "image",
          "assetId": "JGRr8BRBjlsNku",
          "checksum": "333f91f83828ef4a3903e9acb2342b7a"
        },
        {
          "type": "image",
          "assetId": "AClXzHED5murHt",
          "checksum": "fb44eace8d684421bceac70645fff5bc"
        },
        {
          "type": "image",
          "assetId": "AaP5UaUL6CAfwO",
          "checksum": "c78e5236474171dab5df974d19c837bb"
        },
        {
          "type": "image",
          "assetId": "NmI_9KOjnKgaS1",
          "checksum": "d0433e688f852e10c9aaec3ccd24ce2c"
        },
        {
          "type": "image",
          "assetId": "XlWZe3D_0LQLtx",
          "checksum": "f8afb9914d2578dbdccab65680ed32a3"
        },
        {
          "type": "image",
          "assetId": "uKncN6LGZltu3M",
          "checksum": "dc22c1343080777bef29f1dc243101e2"
        },
        {
          "type": "image",
          "assetId": "voKlV-4OD5fvl7",
          "checksum": "8430c246e1a3078e333dcb47bdef91d5"
        },
        {
          "type": "image",
          "assetId": "RUdG-aTedm861u",
          "checksum": "c23733192c5d602cda537de4157ecdf4"
        },
        {
          "type": "image",
          "assetId": "tPGhDyYwyBAY_a",
          "checksum": "430374fa0472d60328f892774054753b"
        },
        {
          "type": "image",
          "assetId": "9kiNWOzYUoxZ-D",
          "checksum": "7f8a837f40c218f5d5d9bbe9e27d6ad8"
        },
        {
          "type": "image",
          "assetId": "r8oUBgyCDupn0k",
          "checksum": "f6221b05aee8bc77b8e8b1923be7292c"
        },
        {
          "type": "image",
          "assetId": "T_cwE30CFjaOUd",
          "checksum": "4549862d626e0b24a0fa817eca9e84d0"
        },
        {
          "type": "image",
          "assetId": "dFY94ok4_WCDrH",
          "checksum": "a2a439447ca7d5ab9eaf3de0ed4365be"
        },
        {
          "type": "image",
          "assetId": "HeRwBi--gM6fbo",
          "checksum": "8b3011ddce70aeda0c27f74fc52649e1"
        },
        {
          "type": "image",
          "assetId": "xHTowSKr1uprEK",
          "checksum": "4b6d480d394911bbbdfe52a49cf7a028"
        },
        {
          "type": "image",
          "assetId": "5kW5COhubZRjy9",
          "checksum": "c849f176fc2d58092606f218eaeaad3e"
        },
        {
          "type": "image",
          "assetId": "9xTaMgSBrMIT05",
          "checksum": "1596fa0f055a5a2da95d3fa2d5f9a6bc"
        },
        {
          "type": "image",
          "assetId": "TMbnspl-23HcDJ",
          "checksum": "9853f63dfa1f889ff2ba3c543adcb646"
        },
        {
          "type": "image",
          "assetId": "sGd0sM0wWgKSZG",
          "checksum": "eeb49a0be16f05ac3dbcdf72fd55d843"
        },
        {
          "type": "image",
          "assetId": "8Wo-ETZcM8_f3X",
          "checksum": "2e070d5378a990da5d079c09acad1c84"
        },
        {
          "type": "image",
          "assetId": "P-m4XM03cL0Gg4",
          "checksum": "e2d1ae273bdae18caebf45c3dfc0e4c7"
        },
        {
          "type": "image",
          "assetId": "xuwEe_9LG6qyzm",
          "checksum": "24dc0f4554c7c0c2e5e6c634b9036f53"
        },
        {
          "type": "image",
          "assetId": "u3O26HpdG-gC3R",
          "checksum": "75111c7da4173ccb3a5d39d92915c5ce"
        },
        {
          "type": "image",
          "assetId": "m0AYocRA8qbw4i",
          "checksum": "10b5ca1e3c40e6b2456f640d5611e1ed"
        },
        {
          "type": "image",
          "assetId": "saJBkAMHD2JD3N",
          "checksum": "de9612d5af95c5773f232564b92c22bd"
        },
        {
          "type": "image",
          "assetId": "EI4INNEUhiJO4g",
          "checksum": "a99981ed66bb6f63fbd727d991005ec2"
        },
        {
          "type": "image",
          "assetId": "z6YjC8b46PlTo8",
          "checksum": "61a62dc427a22babee502d35c9199739"
        },
        {
          "type": "image",
          "assetId": "UeQQ9IP4RiuJ-L",
          "checksum": "c6ee889043481b38f6e930834a44a9bf"
        },
        {
          "type": "image",
          "assetId": "rO--KZ6ocekLe3",
          "checksum": "38e5270328a1740789ecb1e9e0fbd901"
        },
        {
          "type": "image",
          "assetId": "LDibTMLc5nY_sl",
          "checksum": "0ee96d7adf94f60ae56692a55082fef5"
        },
        {
          "type": "image",
          "assetId": "l1fQOl0KCtguLq",
          "checksum": "2241468921f90c8f6b260bdc6d329107"
        },
        {
          "type": "image",
          "assetId": "5pfow_4a9pBPuZ",
          "checksum": "9f163bf5527be894098d7ad0d25654ed"
        },
        {
          "type": "image",
          "assetId": "HBZ4w6s-HIiwn9",
          "checksum": "c79804d13458c850f87994a5cb22285b"
        },
        {
          "type": "image",
          "assetId": "UfwfTaMxmbJwrz",
          "checksum": "4014cd274cafe3b012974ea8024dade8"
        },
        {
          "type": "image",
          "assetId": "Lj018F_o6xWDVT",
          "checksum": "31210d5139833533da88dc59b41d1166"
        },
        {
          "type": "image",
          "assetId": "ucVHBqp_TkcPV3",
          "checksum": "36af065b45cb0ed1ff515716c06fafe6"
        },
        {
          "type": "image",
          "assetId": "a25lrOD0BnEAYM",
          "checksum": "46d56e67575f3aa1f9825e4525dabeb2"
        },
        {
          "type": "image",
          "assetId": "UKXRqQRfod76KZ",
          "checksum": "fab9aca5840501ab7307a0ecc0ad1895"
        },
        {
          "type": "image",
          "assetId": "NPIPvEnyhGRael",
          "checksum": "5199e2c463cbc340da08c122e60df324"
        },
        {
          "type": "image",
          "assetId": "yJ1fMcgt66YrrD",
          "checksum": "bab30ff7dcebc4b66ddbb575ee0f1faf"
        },
        {
          "type": "image",
          "assetId": "gNOfC22cclSquu",
          "checksum": "019b6ba94f4f5cd44a60877ebc0a8b1d"
        },
        {
          "type": "image",
          "assetId": "-Fpv88Ig-XqdA-",
          "checksum": "9d5df749ea6aea01d88b902ea3c5805d"
        }
      ],
      "codegenVersion": "0.0.1"
    }
  ],
  "cliVersion": "0.1.178"
}
